
Microsoft Visual Studio Solution File, Format Version 12.00
# Visual Studio Version 17
VisualStudioVersion = 17.8.34525.116
MinimumVisualStudioVersion = 10.0.40219.1
Project("{FAE04EC0-301F-11D3-BF4B-00C04F79EFBC}") = "QRGenerator", "QRGenerator\QRGenerator.csproj", "{5B52860A-CCCE-4EFE-9C03-67F0117E3929}"
EndProject
Global
	GlobalSection(SolutionConfigurationPlatforms) = preSolution
		Debug|Any CPU = Debug|Any CPU
		Release|Any CPU = Release|Any CPU
	EndGlobalSection
	GlobalSection(ProjectConfigurationPlatforms) = postSolution
		{5B52860A-CCCE-4EFE-9C03-67F0117E3929}.Debug|Any CPU.ActiveCfg = Debug|Any CPU
		{5B52860A-CCCE-4EFE-9C03-67F0117E3929}.Debug|Any CPU.Build.0 = Debug|Any CPU
		{5B52860A-CCCE-4EFE-9C03-67F0117E3929}.Release|Any CPU.ActiveCfg = Release|Any CPU
		{5B52860A-CCCE-4EFE-9C03-67F0117E3929}.Release|Any CPU.Build.0 = Release|Any CPU
	EndGlobalSection
	GlobalSection(SolutionProperties) = preSolution
		HideSolutionNode = FALSE
	EndGlobalSection
	GlobalSection(ExtensibilityGlobals) = postSolution
		SolutionGuid = {6A091B5B-77B6-4AA0-AAB6-35D0D6611537}
	EndGlobalSection
EndGlobal
